PODS:
  - AFNetworking (2.0.0-RC2):
    - AFNetworking/Core
    - AFNetworking/UIKit+AFNetworking
  - AFNetworking/Core (2.0.0-RC2)
  - AFNetworking/UIKit+AFNetworking (2.0.0-RC2)
  - libwebp (0.4.0):
    - libwebp/dec
    - libwebp/demux
    - libwebp/dsp
    - libwebp/enc
    - libwebp/mux
    - libwebp/utils
    - libwebp/webp
  - libwebp/dec (0.4.0)
  - libwebp/demux (0.4.0)
  - libwebp/dsp (0.4.0)
  - libwebp/enc (0.4.0)
  - libwebp/mux (0.4.0)
  - libwebp/utils (0.4.0)
  - libwebp/webp (0.4.0)
  - SDWebImage (3.3):
    - libwebp
    - SDWebImage/MapKit
  - SDWebImage/MapKit (3.3):
    - libwebp

DEPENDENCIES:
  - AFNetworking (= 2.0.0-RC2)
  - SDWebImage

SPEC CHECKSUMS:
  AFNetworking: 6b19d8a0793f342d8c879cd0af9d7488e54addcf
  libwebp: 9e42449a525ff8a43548032e0345c588ff7c4573
  SDWebImage: 79a8bac9ccf85b269100b294f7b43684dab8bf8a

COCOAPODS: 0.32.1
